// !$*UTF8*$!
{
	archiveVersion = 1;
	classes = {
	};
	objectVersion = 46;
	objects = {

/* Begin PBXBuildFile section */
		88C1E1CD1854C03C00A35720 /* Foundation.framework in Frameworks */ = {isa = PBXBuildFile; fileRef = 88C1E1CC1854C03C00A35720 /* Foundation.framework */; };
		88C1E1CF1854C03C00A35720 /* CoreGraphics.framework in Frameworks */ = {isa = PBXBuildFile; fileRef = 88C1E1CE1854C03C00A35720 /* CoreGraphics.framework */; };
		88C1E1D11854C03C00A35720 /* UIKit.framework in Frameworks */ = {isa = PBXBuildFile; fileRef = 88C1E1D01854C03C00A35720 /* UIKit.framework */; };
		88C1E1D71854C03C00A35720 /* InfoPlist.strings in Resources */ = {isa = PBXBuildFile; fileRef = 88C1E1D51854C03C00A35720 /* InfoPlist.strings */; };
		88C1E1D91854C03C00A35720 /* main.m in Sources */ = {isa = PBXBuildFile; fileRef = 88C1E1D81854C03C00A35720 /* main.m */; };
		88C1E1DD1854C03C00A35720 /* AppDelegate.m in Sources */ = {isa = PBXBuildFile; fileRef = 88C1E1DC1854C03C00A35720 /* AppDelegate.m */; };
		88C1E1E01854C03C00A35720 /* Main_iPhone.storyboard in Resources */ = {isa = PBXBuildFile; fileRef = 88C1E1DE1854C03C00A35720 /* Main_iPhone.storyboard */; };
		88C1E1E31854C03C00A35720 /* Main_iPad.storyboard in Resources */ = {isa = PBXBuildFile; fileRef = 88C1E1E11854C03C00A35720 /* Main_iPad.storyboard */; };
		88C1E1E61854C03C00A35720 /* ViewController.m in Sources */ = {isa = PBXBuildFile; fileRef = 88C1E1E51854C03C00A35720 /* ViewController.m */; };
		88C1E1E81854C03C00A35720 /* Images.xcassets in Resources */ = {isa = PBXBuildFile; fileRef = 88C1E1E71854C03C00A35720 /* Images.xcassets */; };
		88C1E1EF1854C03C00A35720 /* XCTest.framework in Frameworks */ = {isa = PBXBuildFile; fileRef = 88C1E1EE1854C03C00A35720 /* XCTest.framework */; };
		88C1E1F01854C03C00A35720 /* Foundation.framework in Frameworks */ = {isa = PBXBuildFile; fileRef = 88C1E1CC1854C03C00A35720 /* Foundation.framework */; };
		88C1E1F11854C03C00A35720 /* UIKit.framework in Frameworks */ = {isa = PBXBuildFile; fileRef = 88C1E1D01854C03C00A35720 /* UIKit.framework */; };
		88C1E1F91854C03C00A35720 /* InfoPlist.strings in Resources */ = {isa = PBXBuildFile; fileRef = 88C1E1F71854C03C00A35720 /* InfoPlist.strings */; };
		88C1E1FB1854C03C00A35720 /* EasyRealityTests.m in Sources */ = {isa = PBXBuildFile; fileRef = 88C1E1FA1854C03C00A35720 /* EasyRealityTests.m */; };
/* End PBXBuildFile section */

/* Begin PBXContainerItemProxy section */
		88C1E1F21854C03C00A35720 /* PBXContainerItemProxy */ = {
			isa = PBXContainerItemProxy;
			containerPortal = 88C1E1C11854C03C00A35720 /* Project object */;
			proxyType = 1;
			remoteGlobalIDString = 88C1E1C81854C03C00A35720;
			remoteInfo = EasyReality;
		};
/* End PBXContainerItemProxy section */

/* Begin PBXFileReference section */
		88C1E1C91854C03C00A35720 /* EasyReality.app */ = {isa = PBXFileReference; explicitFileType = wrapper.application; includeInIndex = 0; path = EasyReality.app; sourceTree = BUILT_PRODUCTS_DIR; };
		88C1E1CC1854C03C00A35720 /* Foundation.framework */ = {isa = PBXFileReference; lastKnownFileType = wrapper.framework; name = Foundation.framework; path = System/Library/Frameworks/Foundation.framework; sourceTree = SDKROOT; };
		88C1E1CE1854C03C00A35720 /* CoreGraphics.framework */ = {isa = PBXFileReference; lastKnownFileType = wrapper.framework; name = CoreGraphics.framework; path = System/Library/Frameworks/CoreGraphics.framework; sourceTree = SDKROOT; };
		88C1E1D01854C03C00A35720 /* UIKit.framework */ = {isa = PBXFileReference; lastKnownFileType = wrapper.framework; name = UIKit.framework; path = System/Library/Frameworks/UIKit.framework; sourceTree = SDKROOT; };
		88C1E1D41854C03C00A35720 /* EasyReality-Info.plist */ = {isa = PBXFileReference; lastKnownFileType = text.plist.xml; path = "EasyReality-Info.plist"; sourceTree = "<group>"; };
		88C1E1D61854C03C00A35720 /* en */ = {isa = PBXFileReference; lastKnownFileType = text.plist.strings; name = en; path = en.lproj/InfoPlist.strings; sourceTree = "<group>"; };
		88C1E1D81854C03C00A35720 /* main.m */ = {isa = PBXFileReference; lastKnownFileType = sourcecode.c.objc; path = main.m; sourceTree = "<group>"; };
		88C1E1DA1854C03C00A35720 /* EasyReality-Prefix.pch */ = {isa = PBXFileReference; lastKnownFileType = sourcecode.c.h; path = "EasyReality-Prefix.pch"; sourceTree = "<group>"; };
		88C1E1DB1854C03C00A35720 /* AppDelegate.h */ = {isa = PBXFileReference; lastKnownFileType = sourcecode.c.h; path = AppDelegate.h; sourceTree = "<group>"; };
		88C1E1DC1854C03C00A35720 /* AppDelegate.m */ = {isa = PBXFileReference; lastKnownFileType = sourcecode.c.objc; path = AppDelegate.m; sourceTree = "<group>"; };
		88C1E1DF1854C03C00A35720 /* Base */ = {isa = PBXFileReference; lastKnownFileType = file.storyboard; name = Base; path = Base.lproj/Main_iPhone.storyboard; sourceTree = "<group>"; };
		88C1E1E21854C03C00A35720 /* Base */ = {isa = PBXFileReference; lastKnownFileType = file.storyboard; name = Base; path = Base.lproj/Main_iPad.storyboard; sourceTree = "<group>"; };
		88C1E1E41854C03C00A35720 /* ViewController.h */ = {isa = PBXFileReference; lastKnownFileType = sourcecode.c.h; path = ViewController.h; sourceTree = "<group>"; };
		88C1E1E51854C03C00A35720 /* ViewController.m */ = {isa = PBXFileReference; lastKnownFileType = sourcecode.c.objc; path = ViewController.m; sourceTree = "<group>"; };
		88C1E1E71854C03C00A35720 /* Images.xcassets */ = {isa = PBXFileReference; lastKnownFileType = folder.assetcatalog; path = Images.xcassets; sourceTree = "<group>"; };
		88C1E1ED1854C03C00A35720 /* EasyRealityTests.xctest */ = {isa = PBXFileReference; explicitFileType = wrapper.cfbundle; includeInIndex = 0; path = EasyRealityTests.xctest; sourceTree = BUILT_PRODUCTS_DIR; };
		88C1E1EE1854C03C00A35720 /* XCTest.framework */ = {isa = PBXFileReference; lastKnownFileType = wrapper.framework; name = XCTest.framework; path = Library/Frameworks/XCTest.framework; sourceTree = DEVELOPER_DIR; };
		88C1E1F61854C03C00A35720 /* EasyRealityTests-Info.plist */ = {isa = PBXFileReference; lastKnownFileType = text.plist.xml; path = "EasyRealityTests-Info.plist"; sourceTree = "<group>"; };
		88C1E1F81854C03C00A35720 /* en */ = {isa = PBXFileReference; lastKnownFileType = text.plist.strings; name = en; path = en.lproj/InfoPlist.strings; sourceTree = "<group>"; };
		88C1E1FA1854C03C00A35720 /* EasyRealityTests.m */ = {isa = PBXFileReference; lastKnownFileType = sourcecode.c.objc; path = EasyRealityTests.m; sourceTree = "<group>"; };
/* End PBXFileReference section */

/* Begin PBXFrameworksBuildPhase section */
		88C1E1C61854C03C00A35720 /* Frameworks */ = {
			isa = PBXFrameworksBuildPhase;
			buildActionMask = 2147483647;
			files = (
				88C1E1CF1854C03C00A35720 /* CoreGraphics.framework in Frameworks */,
				88C1E1D11854C03C00A35720 /* UIKit.framework in Frameworks */,
				88C1E1CD1854C03C00A35720 /* Foundation.framework in Frameworks */,
			);
			runOnlyForDeploymentPostprocessing = 0;
		};
		88C1E1EA1854C03C00A35720 /* Frameworks */ = {
			isa = PBXFrameworksBuildPhase;
			buildActionMask = 2147483647;
			files = (
				88C1E1EF1854C03C00A35720 /* XCTest.framework in Frameworks */,
				88C1E1F11854C03C00A35720 /* UIKit.framework in Frameworks */,
				88C1E1F01854C03C00A35720 /* Foundation.framework in Frameworks */,
			);
			runOnlyForDeploymentPostprocessing = 0;
		};
/* End PBXFrameworksBuildPhase section */

/* Begin PBXGroup section */
		88C1E1C01854C03C00A35720 = {
			isa = PBXGroup;
			children = (
				88C1E1D21854C03C00A35720 /* EasyReality */,
				88C1E1F41854C03C00A35720 /* EasyRealityTests */,
				88C1E1CB1854C03C00A35720 /* Frameworks */,
				88C1E1CA1854C03C00A35720 /* Products */,
			);
			sourceTree = "<group>";
		};
		88C1E1CA1854C03C00A35720 /* Products */ = {
			isa = PBXGroup;
			children = (
				88C1E1C91854C03C00A35720 /* EasyReality.app */,
				88C1E1ED1854C03C00A35720 /* EasyRealityTests.xctest */,
			);
			name = Products;
			sourceTree = "<group>";
		};
		88C1E1CB1854C03C00A35720 /* Frameworks */ = {
			isa = PBXGroup;
			children = (
				88C1E1CC1854C03C00A35720 /* Foundation.framework */,
				88C1E1CE1854C03C00A35720 /* CoreGraphics.framework */,
				88C1E1D01854C03C00A35720 /* UIKit.framework */,
				88C1E1EE1854C03C00A35720 /* XCTest.framework */,
			);
			name = Frameworks;
			sourceTree = "<group>";
		};
		88C1E1D21854C03C00A35720 /* EasyReality */ = {
			isa = PBXGroup;
			children = (
				88C1E1DB1854C03C00A35720 /* AppDelegate.h */,
				88C1E1DC1854C03C00A35720 /* AppDelegate.m */,
				88C1E1DE1854C03C00A35720 /* Main_iPhone.storyboard */,
				88C1E1E11854C03C00A35720 /* Main_iPad.storyboard */,
				88C1E1E41854C03C00A35720 /* ViewController.h */,
				88C1E1E51854C03C00A35720 /* ViewController.m */,
				88C1E1E71854C03C00A35720 /* Images.xcassets */,
				88C1E1D31854C03C00A35720 /* Supporting Files */,
			);
			path = EasyReality;
			sourceTree = "<group>";
		};
		88C1E1D31854C03C00A35720 /* Supporting Files */ = {
			isa = PBXGroup;
			children = (
				88C1E1D41854C03C00A35720 /* EasyReality-Info.plist */,
				88C1E1D51854C03C00A35720 /* InfoPlist.strings */,
				88C1E1D81854C03C00A35720 /* main.m */,
				88C1E1DA1854C03C00A35720 /* EasyReality-Prefix.pch */,
			);
			name = "Supporting Files";
			sourceTree = "<group>";
		};
		88C1E1F41854C03C00A35720 /* EasyRealityTests */ = {
			isa = PBXGroup;
			children = (
				88C1E1FA1854C03C00A35720 /* EasyRealityTests.m */,
				88C1E1F51854C03C00A35720 /* Supporting Files */,
			);
			path = EasyRealityTests;
			sourceTree = "<group>";
		};
		88C1E1F51854C03C00A35720 /* Supporting Files */ = {
			isa = PBXGroup;
			children = (
				88C1E1F61854C03C00A35720 /* EasyRealityTests-Info.plist */,
				88C1E1F71854C03C00A35720 /* InfoPlist.strings */,
			);
			name = "Supporting Files";
			sourceTree = "<group>";
		};
/* End PBXGroup section */

/* Begin PBXNativeTarget section */
		88C1E1C81854C03C00A35720 /* EasyReality */ = {
			isa = PBXNativeTarget;
			buildConfigurationList = 88C1E1FE1854C03C00A35720 /* Build configuration list for PBXNativeTarget "EasyReality" */;
			buildPhases = (
				88C1E1C51854C03C00A35720 /* Sources */,
				88C1E1C61854C03C00A35720 /* Frameworks */,
				88C1E1C71854C03C00A35720 /* Resources */,
			);
			buildRules = (
			);
			dependencies = (
			);
			name = EasyReality;
			productName = EasyReality;
			productReference = 88C1E1C91854C03C00A35720 /* EasyReality.app */;
			productType = "com.apple.product-type.application";
		};
		88C1E1EC1854C03C00A35720 /* EasyRealityTests */ = {
			isa = PBXNativeTarget;
			buildConfigurationList = 88C1E2011854C03C00A35720 /* Build configuration list for PBXNativeTarget "EasyRealityTests" */;
			buildPhases = (
				88C1E1E91854C03C00A35720 /* Sources */,
				88C1E1EA1854C03C00A35720 /* Frameworks */,
				88C1E1EB1854C03C00A35720 /* Resources */,
			);
			buildRules = (
			);
			dependencies = (
				88C1E1F31854C03C00A35720 /* PBXTargetDependency */,
			);
			name = EasyRealityTests;
			productName = EasyRealityTests;
			productReference = 88C1E1ED1854C03C00A35720 /* EasyRealityTests.xctest */;
			productType = "com.apple.product-type.bundle.unit-test";
		};
/* End PBXNativeTarget section */

/* Begin PBXProject section */
		88C1E1C11854C03C00A35720 /* Project object */ = {
			isa = PBXProject;
			attributes = {
				LastUpgradeCheck = 0500;
				ORGANIZATIONNAME = HandSoft;
				TargetAttributes = {
					88C1E1EC1854C03C00A35720 = {
						TestTargetID = 88C1E1C81854C03C00A35720;
					};
				};
			};
			buildConfigurationList = 88C1E1C41854C03C00A35720 /* Build configuration list for PBXProject "EasyReality" */;
			compatibilityVersion = "Xcode 3.2";
			developmentRegion = English;
			hasScannedForEncodings = 0;
			knownRegions = (
				en,
				Base,
			);
			mainGroup = 88C1E1C01854C03C00A35720;
			productRefGroup = 88C1E1CA1854C03C00A35720 /* Products */;
			projectDirPath = "";
			projectRoot = "";
			targets = (
				88C1E1C81854C03C00A35720 /* EasyReality */,
				88C1E1EC1854C03C00A35720 /* EasyRealityTests */,
			);
		};
/* End PBXProject section */

/* Begin PBXResourcesBuildPhase section */
		88C1E1C71854C03C00A35720 /* Resources */ = {
			isa = PBXResourcesBuildPhase;
			buildActionMask = 2147483647;
			files = (
				88C1E1E31854C03C00A35720 /* Main_iPad.storyboard in Resources */,
				88C1E1E81854C03C00A35720 /* Images.xcassets in Resources */,
				88C1E1E01854C03C00A35720 /* Main_iPhone.storyboard in Resources */,
				88C1E1D71854C03C00A35720 /* InfoPlist.strings in Resources */,
			);
			runOnlyForDeploymentPostprocessing = 0;
		};
		88C1E1EB1854C03C00A35720 /* Resources */ = {
			isa = PBXResourcesBuildPhase;
			buildActionMask = 2147483647;
			files = (
				88C1E1F91854C03C00A35720 /* InfoPlist.strings in Resources */,
			);
			runOnlyForDeploymentPostprocessing = 0;
		};
/* End PBXResourcesBuildPhase section */

/* Begin PBXSourcesBuildPhase section */
		88C1E1C51854C03C00A35720 /* Sources */ = {
			isa = PBXSourcesBuildPhase;
			buildActionMask = 2147483647;
			files = (
				88C1E1E61854C03C00A35720 /* ViewController.m in Sources */,
				88C1E1DD1854C03C00A35720 /* AppDelegate.m in Sources */,
				88C1E1D91854C03C00A35720 /* main.m in Sources */,
			);
			runOnlyForDeploymentPostprocessing = 0;
		};
		88C1E1E91854C03C00A35720 /* Sources */ = {
			isa = PBXSourcesBuildPhase;
			buildActionMask = 2147483647;
			files = (
				88C1E1FB1854C03C00A35720 /* EasyRealityTests.m in Sources */,
			);
			runOnlyForDeploymentPostprocessing = 0;
		};
/* End PBXSourcesBuildPhase section */

/* Begin PBXTargetDependency section */
		88C1E1F31854C03C00A35720 /* PBXTargetDependency */ = {
			isa = PBXTargetDependency;
			target = 88C1E1C81854C03C00A35720 /* EasyReality */;
			targetProxy = 88C1E1F21854C03C00A35720 /* PBXContainerItemProxy */;
		};
/* End PBXTargetDependency section */

/* Begin PBXVariantGroup section */
		88C1E1D51854C03C00A35720 /* InfoPlist.strings */ = {
			isa = PBXVariantGroup;
			children = (
				88C1E1D61854C03C00A35720 /* en */,
			);
			name = InfoPlist.strings;
			sourceTree = "<group>";
		};
		88C1E1DE1854C03C00A35720 /* Main_iPhone.storyboard */ = {
			isa = PBXVariantGroup;
			children = (
				88C1E1DF1854C03C00A35720 /* Base */,
			);
			name = Main_iPhone.storyboard;
			sourceTree = "<group>";
		};
		88C1E1E11854C03C00A35720 /* Main_iPad.storyboard */ = {
			isa = PBXVariantGroup;
			children = (
				88C1E1E21854C03C00A35720 /* Base */,
			);
			name = Main_iPad.storyboard;
			sourceTree = "<group>";
		};
		88C1E1F71854C03C00A35720 /* InfoPlist.strings */ = {
			isa = PBXVariantGroup;
			children = (
				88C1E1F81854C03C00A35720 /* en */,
			);
			name = InfoPlist.strings;
			sourceTree = "<group>";
		};
/* End PBXVariantGroup section */

/* Begin XCBuildConfiguration section */
		88C1E1FC1854C03C00A35720 /* Debug */ = {
			isa = XCBuildConfiguration;
			buildSettings = {
				ALWAYS_SEARCH_USER_PATHS = NO;
				ARCHS = "$(ARCHS_STANDARD_INCLUDING_64_BIT)";
				CLANG_CXX_LANGUAGE_STANDARD = "gnu++0x";
				CLANG_CXX_LIBRARY = "libc++";
				CLANG_ENABLE_MODULES = YES;
				CLANG_ENABLE_OBJC_ARC = YES;
				CLANG_WARN_BOOL_CONVERSION = YES;
				CLANG_WARN_CONSTANT_CONVERSION = YES;
				CLANG_WARN_DIRECT_OBJC_ISA_USAGE = YES_ERROR;
				CLANG_WARN_EMPTY_BODY = YES;
				CLANG_WARN_ENUM_CONVERSION = YES;
				CLANG_WARN_INT_CONVERSION = YES;
				CLANG_WARN_OBJC_ROOT_CLASS = YES_ERROR;
				CLANG_WARN__DUPLICATE_METHOD_MATCH = YES;
				"CODE_SIGN_IDENTITY[sdk=iphoneos*]" = "iPhone Developer";
				COPY_PHASE_STRIP = NO;
				GCC_C_LANGUAGE_STANDARD = gnu99;
				GCC_DYNAMIC_NO_PIC = NO;
				GCC_OPTIMIZATION_LEVEL = 0;
				GCC_PREPROCESSOR_DEFINITIONS = (
					"DEBUG=1",
					"$(inherited)",
				);
				GCC_SYMBOLS_PRIVATE_EXTERN = NO;
				GCC_WARN_64_TO_32_BIT_CONVERSION = YES;
				GCC_WARN_ABOUT_RETURN_TYPE = YES_ERROR;
				GCC_WARN_UNDECLARED_SELECTOR = YES;
				GCC_WARN_UNINITIALIZED_AUTOS = YES;
				GCC_WARN_UNUSED_FUNCTION = YES;
				GCC_WARN_UNUSED_VARIABLE = YES;
				IPHONEOS_DEPLOYMENT_TARGET = 7.0;
				ONLY_ACTIVE_ARCH = YES;
				SDKROOT = iphoneos;
				TARGETED_DEVICE_FAMILY = "1,2";
			};
			name = Debug;
		};
		88C1E1FD1854C03C00A35720 /* Release */ = {
			isa = XCBuildConfiguration;
			buildSettings = {
				ALWAYS_SEARCH_USER_PATHS = NO;
				ARCHS = "$(ARCHS_STANDARD_INCLUDING_64_BIT)";
				CLANG_CXX_LANGUAGE_STANDARD = "gnu++0x";
				CLANG_CXX_LIBRARY = "libc++";
				CLANG_ENABLE_MODULES = YES;
				CLANG_ENABLE_OBJC_ARC = YES;
				CLANG_WARN_BOOL_CONVERSION = YES;
				CLANG_WARN_CONSTANT_CONVERSION = YES;
				CLANG_WARN_DIRECT_OBJC_ISA_USAGE = YES_ERROR;
				CLANG_WARN_EMPTY_BODY = YES;
				CLANG_WARN_ENUM_CONVERSION = YES;
				CLANG_WARN_INT_CONVERSION = YES;
				CLANG_WARN_OBJC_ROOT_CLASS = YES_ERROR;
				CLANG_WARN__DUPLICATE_METHOD_MATCH = YES;
				"CODE_SIGN_IDENTITY[sdk=iphoneos*]" = "iPhone Developer";
				COPY_PHASE_STRIP = YES;
				ENABLE_NS_ASSERTIONS = NO;
				GCC_C_LANGUAGE_STANDARD = gnu99;
				GCC_WARN_64_TO_32_BIT_CONVERSION = YES;
				GCC_WARN_ABOUT_RETURN_TYPE = YES_ERROR;
				GCC_WARN_UNDECLARED_SELECTOR = YES;
				GCC_WARN_UNINITIALIZED_AUTOS = YES;
				GCC_WARN_UNUSED_FUNCTION = YES;
				GCC_WARN_UNUSED_VARIABLE = YES;
				IPHONEOS_DEPLOYMENT_TARGET = 7.0;
				SDKROOT = iphoneos;
				TARGETED_DEVICE_FAMILY = "1,2";
				VALIDATE_PRODUCT = YES;
			};
			name = Release;
		};
		88C1E1FF1854C03C00A35720 /* Debug */ = {
			isa = XCBuildConfiguration;
			buildSettings = {
				ASSETCATALOG_COMPILER_APPICON_NAME = AppIcon;
				ASSETCATALOG_COMPILER_LAUNCHIMAGE_NAME = LaunchImage;
				GCC_PRECOMPILE_PREFIX_HEADER = YES;
				GCC_PREFIX_HEADER = "EasyReality/EasyReality-Prefix.pch";
				INFOPLIST_FILE = "EasyReality/EasyReality-Info.plist";
				PRODUCT_NAME = "$(TARGET_NAME)";
				WRAPPER_EXTENSION = app;
			};
			name = Debug;
		};
		88C1E2001854C03C00A35720 /* Release */ = {
			isa = XCBuildConfiguration;
			buildSettings = {
				ASSETCATALOG_COMPILER_APPICON_NAME = AppIcon;
				ASSETCATALOG_COMPILER_LAUNCHIMAGE_NAME = LaunchImage;
				GCC_PRECOMPILE_PREFIX_HEADER = YES;
				GCC_PREFIX_HEADER = "EasyReality/EasyReality-Prefix.pch";
				INFOPLIST_FILE = "EasyReality/EasyReality-Info.plist";
				PRODUCT_NAME = "$(TARGET_NAME)";
				WRAPPER_EXTENSION = app;
			};
			name = Release;
		};
		88C1E2021854C03C00A35720 /* Debug */ = {
			isa = XCBuildConfiguration;
			buildSettings = {
				ARCHS = "$(ARCHS_STANDARD_INCLUDING_64_BIT)";
				BUNDLE_LOADER = "$(BUILT_PRODUCTS_DIR)/EasyReality.app/EasyReality";
				FRAMEWORK_SEARCH_PATHS = (
					"$(SDKROOT)/Developer/Library/Frameworks",
					"$(inherited)",
					"$(DEVELOPER_FRAMEWORKS_DIR)",
				);
				GCC_PRECOMPILE_PREFIX_HEADER = YES;
				GCC_PREFIX_HEADER = "EasyReality/EasyReality-Prefix.pch";
				GCC_PREPROCESSOR_DEFINITIONS = (
					"DEBUG=1",
					"$(inherited)",
				);
				INFOPLIST_FILE = "EasyRealityTests/EasyRealityTests-Info.plist";
				PRODUCT_NAME = "$(TARGET_NAME)";
				TEST_HOST = "$(BUNDLE_LOADER)";
				WRAPPER_EXTENSION = xctest;
			};
			name = Debug;
		};
		88C1E2031854C03C00A35720 /* Release */ = {
			isa = XCBuildConfiguration;
			buildSettings = {
				ARCHS = "$(ARCHS_STANDARD_INCLUDING_64_BIT)";
				BUNDLE_LOADER = "$(BUILT_PRODUCTS_DIR)/EasyReality.app/EasyReality";
				FRAMEWORK_SEARCH_PATHS = (
					"$(SDKROOT)/Developer/Library/Frameworks",
					"$(inherited)",
					"$(DEVELOPER_FRAMEWORKS_DIR)",
				);
				GCC_PRECOMPILE_PREFIX_HEADER = YES;
				GCC_PREFIX_HEADER = "EasyReality/EasyReality-Prefix.pch";
				INFOPLIST_FILE = "EasyRealityTests/EasyRealityTests-Info.plist";
				PRODUCT_NAME = "$(TARGET_NAME)";
				TEST_HOST = "$(BUNDLE_LOADER)";
				WRAPPER_EXTENSION = xctest;
			};
			name = Release;
		};
/* End XCBuildConfiguration section */

/* Begin XCConfigurationList section */
		88C1E1C41854C03C00A35720 /* Build configuration list for PBXProject "EasyReality" */ = {
			isa = XCConfigurationList;
			buildConfigurations = (
				88C1E1FC1854C03C00A35720 /* Debug */,
				88C1E1FD1854C03C00A35720 /* Release */,
			);
			defaultConfigurationIsVisible = 0;
			defaultConfigurationName = Release;
		};
		88C1E1FE1854C03C00A35720 /* Build configuration list for PBXNativeTarget "EasyReality" */ = {
			isa = XCConfigurationList;
			buildConfigurations = (
				88C1E1FF1854C03C00A35720 /* Debug */,
				88C1E2001854C03C00A35720 /* Release */,
			);
			defaultConfigurationIsVisible = 0;
		};
		88C1E2011854C03C00A35720 /* Build configuration list for PBXNativeTarget "EasyRealityTests" */ = {
			isa = XCConfigurationList;
			buildConfigurations = (
				88C1E2021854C03C00A35720 /* Debug */,
				88C1E2031854C03C00A35720 /* Release */,
			);
			defaultConfigurationIsVisible = 0;
		};
/* End XCConfigurationList section */
	};
	rootObject = 88C1E1C11854C03C00A35720 /* Project object */;
}
